
Microsoft Visual Studio Solution File, Format Version 12.00
# Visual Studio Version 17
VisualStudioVersion = 17.11.35312.102
MinimumVisualStudioVersion = 10.0.40219.1
Project("{FAE04EC0-301F-11D3-BF4B-00C04F79EFBC}") = "AzureServiceBus", "AzureServiceBus.csproj", "{5B8CE48A-E5C9-4873-86B9-5BEE2A50C51C}"
EndProject
Global
	GlobalSection(SolutionConfigurationPlatforms) = preSolution
		Debug|Any CPU = Debug|Any CPU
		Release|Any CPU = Release|Any CPU
	EndGlobalSection
	GlobalSection(ProjectConfigurationPlatforms) = postSolution
		{5B8CE48A-E5C9-4873-86B9-5BEE2A50C51C}.Debug|Any CPU.ActiveCfg = Debug|Any CPU
		{5B8CE48A-E5C9-4873-86B9-5BEE2A50C51C}.Debug|Any CPU.Build.0 = Debug|Any CPU
		{5B8CE48A-E5C9-4873-86B9-5BEE2A50C51C}.Release|Any CPU.ActiveCfg = Release|Any CPU
		{5B8CE48A-E5C9-4873-86B9-5BEE2A50C51C}.Release|Any CPU.Build.0 = Release|Any CPU
	EndGlobalSection
	GlobalSection(SolutionProperties) = preSolution
		HideSolutionNode = FALSE
	EndGlobalSection
	GlobalSection(ExtensibilityGlobals) = postSolution
		SolutionGuid = {9060E84B-347D-4E71-A314-F9BDBEFEF6BC}
	EndGlobalSection
EndGlobal
